
Microsoft Visual Studio Solution File, Format Version 12.00
# Visual Studio Version 17
VisualStudioVersion = 17.4.33122.133
MinimumVisualStudioVersion = 10.0.40219.1
Project("{2150E333-8FDC-42A3-9474-1A3956D46DE8}") = "src", "src", "{92004C48-263E-4BEE-97AD-48D9D117D667}"
EndProject
Project("{2150E333-8FDC-42A3-9474-1A3956D46DE8}") = "tests", "tests", "{3057141B-E424-4D07-BC58-10071A4332F8}"
EndProject
Project("{9A19103F-16F7-4668-BE54-9A1E7A4F7556}") = "TestApi", "src\TestApi\TestApi.csproj", "{C5486FE9-A4F8-42D9-BE80-EC412BEB550B}"
EndProject
Project("{9A19103F-16F7-4668-BE54-9A1E7A4F7556}") = "TestApi.Core", "src\TestApi.Core\TestApi.Core.csproj", "{89457CE2-0F6A-43AD-A0FF-78848E2435B1}"
EndProject
Project("{9A19103F-16F7-4668-BE54-9A1E7A4F7556}") = "TestApi.Services", "src\TestApi.Services\TestApi.Services.csproj", "{DE9B43AB-0271-4E0E-A963-D78E688F7E14}"
EndProject
Project("{9A19103F-16F7-4668-BE54-9A1E7A4F7556}") = "TestApi.Repositories", "src\TestApi.Repositories\TestApi.Repositories.csproj", "{70EC5D00-C520-4ED2-A895-38FCEDB5D2E5}"
EndProject
Project("{FAE04EC0-301F-11D3-BF4B-00C04F79EFBC}") = "TestApi.ServicesTests", "tests\TestApi.ServicesTests\TestApi.ServicesTests.csproj", "{A2D7B83A-05E5-45A6-8B48-CC1E67E439F1}"
EndProject
Global
	GlobalSection(SolutionConfigurationPlatforms) = preSolution
		Debug|Any CPU = Debug|Any CPU
		Release|Any CPU = Release|Any CPU
	EndGlobalSection
	GlobalSection(ProjectConfigurationPlatforms) = postSolution
		{C5486FE9-A4F8-42D9-BE80-EC412BEB550B}.Debug|Any CPU.ActiveCfg = Debug|Any CPU
		{C5486FE9-A4F8-42D9-BE80-EC412BEB550B}.Debug|Any CPU.Build.0 = Debug|Any CPU
		{C5486FE9-A4F8-42D9-BE80-EC412BEB550B}.Release|Any CPU.ActiveCfg = Release|Any CPU
		{C5486FE9-A4F8-42D9-BE80-EC412BEB550B}.Release|Any CPU.Build.0 = Release|Any CPU
		{89457CE2-0F6A-43AD-A0FF-78848E2435B1}.Debug|Any CPU.ActiveCfg = Debug|Any CPU
		{89457CE2-0F6A-43AD-A0FF-78848E2435B1}.Debug|Any CPU.Build.0 = Debug|Any CPU
		{89457CE2-0F6A-43AD-A0FF-78848E2435B1}.Release|Any CPU.ActiveCfg = Release|Any CPU
		{89457CE2-0F6A-43AD-A0FF-78848E2435B1}.Release|Any CPU.Build.0 = Release|Any CPU
		{DE9B43AB-0271-4E0E-A963-D78E688F7E14}.Debug|Any CPU.ActiveCfg = Debug|Any CPU
		{DE9B43AB-0271-4E0E-A963-D78E688F7E14}.Debug|Any CPU.Build.0 = Debug|Any CPU
		{DE9B43AB-0271-4E0E-A963-D78E688F7E14}.Release|Any CPU.ActiveCfg = Release|Any CPU
		{DE9B43AB-0271-4E0E-A963-D78E688F7E14}.Release|Any CPU.Build.0 = Release|Any CPU
		{70EC5D00-C520-4ED2-A895-38FCEDB5D2E5}.Debug|Any CPU.ActiveCfg = Debug|Any CPU
		{70EC5D00-C520-4ED2-A895-38FCEDB5D2E5}.Debug|Any CPU.Build.0 = Debug|Any CPU
		{70EC5D00-C520-4ED2-A895-38FCEDB5D2E5}.Release|Any CPU.ActiveCfg = Release|Any CPU
		{70EC5D00-C520-4ED2-A895-38FCEDB5D2E5}.Release|Any CPU.Build.0 = Release|Any CPU
		{A2D7B83A-05E5-45A6-8B48-CC1E67E439F1}.Debug|Any CPU.ActiveCfg = Debug|Any CPU
		{A2D7B83A-05E5-45A6-8B48-CC1E67E439F1}.Debug|Any CPU.Build.0 = Debug|Any CPU
		{A2D7B83A-05E5-45A6-8B48-CC1E67E439F1}.Release|Any CPU.ActiveCfg = Release|Any CPU
		{A2D7B83A-05E5-45A6-8B48-CC1E67E439F1}.Release|Any CPU.Build.0 = Release|Any CPU
	EndGlobalSection
	GlobalSection(SolutionProperties) = preSolution
		HideSolutionNode = FALSE
	EndGlobalSection
	GlobalSection(NestedProjects) = preSolution
		{C5486FE9-A4F8-42D9-BE80-EC412BEB550B} = {92004C48-263E-4BEE-97AD-48D9D117D667}
		{89457CE2-0F6A-43AD-A0FF-78848E2435B1} = {92004C48-263E-4BEE-97AD-48D9D117D667}
		{DE9B43AB-0271-4E0E-A963-D78E688F7E14} = {92004C48-263E-4BEE-97AD-48D9D117D667}
		{70EC5D00-C520-4ED2-A895-38FCEDB5D2E5} = {92004C48-263E-4BEE-97AD-48D9D117D667}
		{A2D7B83A-05E5-45A6-8B48-CC1E67E439F1} = {3057141B-E424-4D07-BC58-10071A4332F8}
	EndGlobalSection
	GlobalSection(ExtensibilityGlobals) = postSolution
		SolutionGuid = {F65C64BD-FD0B-41AF-85E9-5B82D6A4491D}
	EndGlobalSection
EndGlobal
